
Microsoft Visual Studio Solution File, Format Version 12.00
# Visual Studio Version 16
VisualStudioVersion = 16.0.29209.62
MinimumVisualStudioVersion = 10.0.40219.1
Project("{FAE04EC0-301F-11D3-BF4B-00C04F79EFBC}") = "AplicacionDeProductosWeb", "AplicacionDeProductosWeb\AplicacionDeProductosWeb.csproj", "{EEF04F9C-75FE-4992-A44A-AA04F6287AAE}"
EndProject
Project("{FAE04EC0-301F-11D3-BF4B-00C04F79EFBC}") = "LibreriaDeClases", "LibreriaDeClases\LibreriaDeClases.csproj", "{74AE31C6-0764-480B-BBD5-73B871E402BC}"
EndProject
Project("{FAE04EC0-301F-11D3-BF4B-00C04F79EFBC}") = "AplicacionDeProductosDesktop", "AplicacionDeProductosDesktop\AplicacionDeProductosDesktop.csproj", "{C45B0CAE-70DC-41D8-ABDC-81EF73B676D2}"
EndProject
Global
	GlobalSection(SolutionConfigurationPlatforms) = preSolution
		Debug|Any CPU = Debug|Any CPU
		Release|Any CPU = Release|Any CPU
	EndGlobalSection
	GlobalSection(ProjectConfigurationPlatforms) = postSolution
		{EEF04F9C-75FE-4992-A44A-AA04F6287AAE}.Debug|Any CPU.ActiveCfg = Debug|Any CPU
		{EEF04F9C-75FE-4992-A44A-AA04F6287AAE}.Debug|Any CPU.Build.0 = Debug|Any CPU
		{EEF04F9C-75FE-4992-A44A-AA04F6287AAE}.Release|Any CPU.ActiveCfg = Release|Any CPU
		{EEF04F9C-75FE-4992-A44A-AA04F6287AAE}.Release|Any CPU.Build.0 = Release|Any CPU
		{74AE31C6-0764-480B-BBD5-73B871E402BC}.Debug|Any CPU.ActiveCfg = Debug|Any CPU
		{74AE31C6-0764-480B-BBD5-73B871E402BC}.Debug|Any CPU.Build.0 = Debug|Any CPU
		{74AE31C6-0764-480B-BBD5-73B871E402BC}.Release|Any CPU.ActiveCfg = Release|Any CPU
		{74AE31C6-0764-480B-BBD5-73B871E402BC}.Release|Any CPU.Build.0 = Release|Any CPU
		{C45B0CAE-70DC-41D8-ABDC-81EF73B676D2}.Debug|Any CPU.ActiveCfg = Debug|Any CPU
		{C45B0CAE-70DC-41D8-ABDC-81EF73B676D2}.Debug|Any CPU.Build.0 = Debug|Any CPU
		{C45B0CAE-70DC-41D8-ABDC-81EF73B676D2}.Release|Any CPU.ActiveCfg = Release|Any CPU
		{C45B0CAE-70DC-41D8-ABDC-81EF73B676D2}.Release|Any CPU.Build.0 = Release|Any CPU
	EndGlobalSection
	GlobalSection(SolutionProperties) = preSolution
		HideSolutionNode = FALSE
	EndGlobalSection
	GlobalSection(ExtensibilityGlobals) = postSolution
		SolutionGuid = {BD4FB984-9DA1-438F-B036-19A3606396CF}
	EndGlobalSection
EndGlobal
