
Microsoft Visual Studio Solution File, Format Version 12.00
# Visual Studio Version 16
VisualStudioVersion = 16.0.29209.62
MinimumVisualStudioVersion = 10.0.40219.1
Project("{FAE04EC0-301F-11D3-BF4B-00C04F79EFBC}") = "PaginaDeProductos", "PaginaDeProductos\PaginaDeProductos.csproj", "{8320757D-689D-4B9E-A024-817AEE4C19A3}"
EndProject
Global
	GlobalSection(SolutionConfigurationPlatforms) = preSolution
		Debug|Any CPU = Debug|Any CPU
		Release|Any CPU = Release|Any CPU
	EndGlobalSection
	GlobalSection(ProjectConfigurationPlatforms) = postSolution
		{8320757D-689D-4B9E-A024-817AEE4C19A3}.Debug|Any CPU.ActiveCfg = Debug|Any CPU
		{8320757D-689D-4B9E-A024-817AEE4C19A3}.Debug|Any CPU.Build.0 = Debug|Any CPU
		{8320757D-689D-4B9E-A024-817AEE4C19A3}.Release|Any CPU.ActiveCfg = Release|Any CPU
		{8320757D-689D-4B9E-A024-817AEE4C19A3}.Release|Any CPU.Build.0 = Release|Any CPU
	EndGlobalSection
	GlobalSection(SolutionProperties) = preSolution
		HideSolutionNode = FALSE
	EndGlobalSection
	GlobalSection(ExtensibilityGlobals) = postSolution
		SolutionGuid = {A13E0F53-7390-4ECF-8B0F-D37D5F0F954F}
	EndGlobalSection
EndGlobal
